
Microsoft Visual Studio Solution File, Format Version 12.00
# Visual Studio Version 17
VisualStudioVersion = 17.9.34728.123
MinimumVisualStudioVersion = 10.0.40219.1
Project("{9A19103F-16F7-4668-BE54-9A1E7A4F7556}") = "ASMS.Client", "ASMS.Client\ASMS.Client.csproj", "{62E604A1-FA54-4E72-9BD0-1EB490B760E7}"
EndProject
Project("{9A19103F-16F7-4668-BE54-9A1E7A4F7556}") = "ASMS.Server", "ASMS.Server\ASMS.Server.csproj", "{F89297DC-6836-470D-B558-33DA0DFE9995}"
EndProject
Project("{9A19103F-16F7-4668-BE54-9A1E7A4F7556}") = "ASMS.Library", "ASMS.Library\ASMS.Library.csproj", "{06B8964B-06CF-4920-ABDE-484614725BE6}"
EndProject
Project("{9A19103F-16F7-4668-BE54-9A1E7A4F7556}") = "ASMS.Database", "ASMS.Database\ASMS.Database.csproj", "{2D2AEC61-C7E6-4F9B-87CE-7544F74FA4AA}"
EndProject
Global
	GlobalSection(SolutionConfigurationPlatforms) = preSolution
		Debug|Any CPU = Debug|Any CPU
		Release|Any CPU = Release|Any CPU
	EndGlobalSection
	GlobalSection(ProjectConfigurationPlatforms) = postSolution
		{62E604A1-FA54-4E72-9BD0-1EB490B760E7}.Debug|Any CPU.ActiveCfg = Debug|Any CPU
		{62E604A1-FA54-4E72-9BD0-1EB490B760E7}.Debug|Any CPU.Build.0 = Debug|Any CPU
		{62E604A1-FA54-4E72-9BD0-1EB490B760E7}.Release|Any CPU.ActiveCfg = Release|Any CPU
		{62E604A1-FA54-4E72-9BD0-1EB490B760E7}.Release|Any CPU.Build.0 = Release|Any CPU
		{F89297DC-6836-470D-B558-33DA0DFE9995}.Debug|Any CPU.ActiveCfg = Debug|Any CPU
		{F89297DC-6836-470D-B558-33DA0DFE9995}.Debug|Any CPU.Build.0 = Debug|Any CPU
		{F89297DC-6836-470D-B558-33DA0DFE9995}.Release|Any CPU.ActiveCfg = Release|Any CPU
		{F89297DC-6836-470D-B558-33DA0DFE9995}.Release|Any CPU.Build.0 = Release|Any CPU
		{06B8964B-06CF-4920-ABDE-484614725BE6}.Debug|Any CPU.ActiveCfg = Debug|Any CPU
		{06B8964B-06CF-4920-ABDE-484614725BE6}.Debug|Any CPU.Build.0 = Debug|Any CPU
		{06B8964B-06CF-4920-ABDE-484614725BE6}.Release|Any CPU.ActiveCfg = Release|Any CPU
		{06B8964B-06CF-4920-ABDE-484614725BE6}.Release|Any CPU.Build.0 = Release|Any CPU
		{2D2AEC61-C7E6-4F9B-87CE-7544F74FA4AA}.Debug|Any CPU.ActiveCfg = Debug|Any CPU
		{2D2AEC61-C7E6-4F9B-87CE-7544F74FA4AA}.Debug|Any CPU.Build.0 = Debug|Any CPU
		{2D2AEC61-C7E6-4F9B-87CE-7544F74FA4AA}.Release|Any CPU.ActiveCfg = Release|Any CPU
		{2D2AEC61-C7E6-4F9B-87CE-7544F74FA4AA}.Release|Any CPU.Build.0 = Release|Any CPU
	EndGlobalSection
	GlobalSection(SolutionProperties) = preSolution
		HideSolutionNode = FALSE
	EndGlobalSection
	GlobalSection(ExtensibilityGlobals) = postSolution
		SolutionGuid = {DCFEE1F3-449B-4A46-99FC-8500D4C92991}
	EndGlobalSection
EndGlobal
